
Microsoft Visual Studio Solution File, Format Version 12.00
# Visual Studio Version 16
VisualStudioVersion = 16.0.31112.23
MinimumVisualStudioVersion = 10.0.40219.1
Project("{FAE04EC0-301F-11D3-BF4B-00C04F79EFBC}") = "ComicBookGallery", "ComicBookGallery\ComicBookGallery.csproj", "{4D4078D7-022A-40AE-BF9C-4F7FFF1685AE}"
EndProject
Global
	GlobalSection(SolutionConfigurationPlatforms) = preSolution
		Debug|Any CPU = Debug|Any CPU
		Release|Any CPU = Release|Any CPU
	EndGlobalSection
	GlobalSection(ProjectConfigurationPlatforms) = postSolution
		{4D4078D7-022A-40AE-BF9C-4F7FFF1685AE}.Debug|Any CPU.ActiveCfg = Debug|Any CPU
		{4D4078D7-022A-40AE-BF9C-4F7FFF1685AE}.Debug|Any CPU.Build.0 = Debug|Any CPU
		{4D4078D7-022A-40AE-BF9C-4F7FFF1685AE}.Release|Any CPU.ActiveCfg = Release|Any CPU
		{4D4078D7-022A-40AE-BF9C-4F7FFF1685AE}.Release|Any CPU.Build.0 = Release|Any CPU
	EndGlobalSection
	GlobalSection(SolutionProperties) = preSolution
		HideSolutionNode = FALSE
	EndGlobalSection
	GlobalSection(ExtensibilityGlobals) = postSolution
		SolutionGuid = {B87F4B9B-E9B9-44C9-9405-2788BBED9604}
	EndGlobalSection
EndGlobal
